
Microsoft Visual Studio Solution File, Format Version 12.00
# Visual Studio Version 17
VisualStudioVersion = 17.7.34024.191
MinimumVisualStudioVersion = 10.0.40219.1
Project("{FAE04EC0-301F-11D3-BF4B-00C04F79EFBC}") = "ConsoleApp1", "ConsoleApp1\ConsoleApp1.csproj", "{74F15422-C2A5-4915-BF43-7B128A0766FE}"
EndProject
Global
	GlobalSection(SolutionConfigurationPlatforms) = preSolution
		Debug|Any CPU = Debug|Any CPU
		Release|Any CPU = Release|Any CPU
	EndGlobalSection
	GlobalSection(ProjectConfigurationPlatforms) = postSolution
		{74F15422-C2A5-4915-BF43-7B128A0766FE}.Debug|Any CPU.ActiveCfg = Debug|Any CPU
		{74F15422-C2A5-4915-BF43-7B128A0766FE}.Debug|Any CPU.Build.0 = Debug|Any CPU
		{74F15422-C2A5-4915-BF43-7B128A0766FE}.Release|Any CPU.ActiveCfg = Release|Any CPU
		{74F15422-C2A5-4915-BF43-7B128A0766FE}.Release|Any CPU.Build.0 = Release|Any CPU
	EndGlobalSection
	GlobalSection(SolutionProperties) = preSolution
		HideSolutionNode = FALSE
	EndGlobalSection
	GlobalSection(ExtensibilityGlobals) = postSolution
		SolutionGuid = {5C16BEB7-D4A9-43B0-80E0-FFFF05E7A2B6}
	EndGlobalSection
EndGlobal
