
Microsoft Visual Studio Solution File, Format Version 12.00
# Visual Studio Version 16
VisualStudioVersion = 16.0.33927.289
MinimumVisualStudioVersion = 10.0.40219.1
Project("{FAE04EC0-301F-11D3-BF4B-00C04F79EFBC}") = "WindowsFormsApp1", "WindowsFormsApp1\WindowsFormsApp1.csproj", "{E3A1F3E6-8398-44B8-BEB4-B7BA9E5F9248}"
EndProject
Global
	GlobalSection(SolutionConfigurationPlatforms) = preSolution
		Debug|Any CPU = Debug|Any CPU
		Release|Any CPU = Release|Any CPU
	EndGlobalSection
	GlobalSection(ProjectConfigurationPlatforms) = postSolution
		{E3A1F3E6-8398-44B8-BEB4-B7BA9E5F9248}.Debug|Any CPU.ActiveCfg = Debug|Any CPU
		{E3A1F3E6-8398-44B8-BEB4-B7BA9E5F9248}.Debug|Any CPU.Build.0 = Debug|Any CPU
		{E3A1F3E6-8398-44B8-BEB4-B7BA9E5F9248}.Release|Any CPU.ActiveCfg = Release|Any CPU
		{E3A1F3E6-8398-44B8-BEB4-B7BA9E5F9248}.Release|Any CPU.Build.0 = Release|Any CPU
	EndGlobalSection
	GlobalSection(SolutionProperties) = preSolution
		HideSolutionNode = FALSE
	EndGlobalSection
	GlobalSection(ExtensibilityGlobals) = postSolution
		SolutionGuid = {3194F9E5-754D-41F8-9706-AC600B8BD918}
	EndGlobalSection
EndGlobal
